
Microsoft Visual Studio Solution File, Format Version 12.00
# Visual Studio Version 17
VisualStudioVersion = 17.7.34031.279
MinimumVisualStudioVersion = 10.0.40219.1
Project("{888888A0-9F3D-457C-B088-3A5042F75D52}") = "Lab01Clusterization", "Lab01Clusterization\Lab01Clusterization.pyproj", "{C76682F0-5232-45D5-8AE4-50E3687E2C69}"
EndProject
Project("{888888A0-9F3D-457C-B088-3A5042F75D52}") = "Lab02NeuralLayer", "Lab02NeuralLayer\Lab02NeuralLayer.pyproj", "{A07FBBF2-18A8-4A3C-9352-1CA9874BA652}"
EndProject
Project("{888888A0-9F3D-457C-B088-3A5042F75D52}") = "Lab03ExpertSystemDB", "Lab03ExpertSystemDB\Lab03ExpertSystemDB.pyproj", "{B0D44869-AEED-473E-9563-D41D10D86AA0}"
EndProject
Global
	GlobalSection(SolutionConfigurationPlatforms) = preSolution
		Debug|Any CPU = Debug|Any CPU
		Release|Any CPU = Release|Any CPU
	EndGlobalSection
	GlobalSection(ProjectConfigurationPlatforms) = postSolution
		{C76682F0-5232-45D5-8AE4-50E3687E2C69}.Debug|Any CPU.ActiveCfg = Debug|Any CPU
		{C76682F0-5232-45D5-8AE4-50E3687E2C69}.Release|Any CPU.ActiveCfg = Release|Any CPU
		{A07FBBF2-18A8-4A3C-9352-1CA9874BA652}.Debug|Any CPU.ActiveCfg = Debug|Any CPU
		{A07FBBF2-18A8-4A3C-9352-1CA9874BA652}.Release|Any CPU.ActiveCfg = Release|Any CPU
		{B0D44869-AEED-473E-9563-D41D10D86AA0}.Debug|Any CPU.ActiveCfg = Debug|Any CPU
		{B0D44869-AEED-473E-9563-D41D10D86AA0}.Release|Any CPU.ActiveCfg = Release|Any CPU
	EndGlobalSection
	GlobalSection(SolutionProperties) = preSolution
		HideSolutionNode = FALSE
	EndGlobalSection
	GlobalSection(ExtensibilityGlobals) = postSolution
		SolutionGuid = {1F4D741C-B44E-433A-BFDD-724291337476}
	EndGlobalSection
EndGlobal
